{
	"name": "@pallad/errors",
	"version": "1.0.0",
	"lockfileVersion": 2,
	"requires": true,
	"packages": {
		"": {
			"name": "@pallad/errors",
			"version": "1.0.0",
			"license": "MIT",
			"dependencies": {
				"@pallad/builder": "^1.0.1",
				"@pallad/type-check": "^1.1.0"
			}
		},
		"node_modules/@pallad/builder": {
			"version": "1.0.1",
			"resolved": "https://registry.npmjs.org/@pallad/builder/-/builder-1.0.1.tgz",
			"integrity": "sha512-0P0vZ19MdS00BoSrFD8BOdTc+WEIHqp6E0x7XADj3yS+fsUEblJib2l8eAaaIkRKO7qZBQeC3zk+EODhpkZ3+w=="
		},
		"node_modules/@pallad/type-check": {
			"version": "1.1.0",
			"resolved": "https://registry.npmjs.org/@pallad/type-check/-/type-check-1.1.0.tgz",
			"integrity": "sha512-JV5WBPZIr/WOVU3MA4Veorpfahkgf5M2l22WbwswiQgyoS1qAPAdEwZuHns12l/NZTPOny3PjCqx52ru7AGS/g=="
		}
	},
	"dependencies": {
		"@pallad/builder": {
			"version": "1.0.1",
			"resolved": "https://registry.npmjs.org/@pallad/builder/-/builder-1.0.1.tgz",
			"integrity": "sha512-0P0vZ19MdS00BoSrFD8BOdTc+WEIHqp6E0x7XADj3yS+fsUEblJib2l8eAaaIkRKO7qZBQeC3zk+EODhpkZ3+w=="
		},
		"@pallad/type-check": {
			"version": "1.1.0",
			"resolved": "https://registry.npmjs.org/@pallad/type-check/-/type-check-1.1.0.tgz",
			"integrity": "sha512-JV5WBPZIr/WOVU3MA4Veorpfahkgf5M2l22WbwswiQgyoS1qAPAdEwZuHns12l/NZTPOny3PjCqx52ru7AGS/g=="
		}
	}
}
